
Microsoft Visual Studio Solution File, Format Version 12.00
# Visual Studio Version 16
VisualStudioVersion = 16.0.29318.209
MinimumVisualStudioVersion = 10.0.40219.1
Project("{FAE04EC0-301F-11D3-BF4B-00C04F79EFBC}") = "QraphQLSimple", "QraphQLSimple\QraphQLSimple.csproj", "{EC2B4F48-99C2-4ADC-8238-14AB9365645D}"
EndProject
Project("{FAE04EC0-301F-11D3-BF4B-00C04F79EFBC}") = "QraphQLSimple.QraphQL", "QraphQLSimple.QraphQL\QraphQLSimple.QraphQL.csproj", "{3F97E60C-AC00-4ACA-8879-5A6C45975870}"
EndProject
Project("{FAE04EC0-301F-11D3-BF4B-00C04F79EFBC}") = "QraphQLSimple.Data", "QraphQLSimple.Data\QraphQLSimple.Data.csproj", "{D02EFD35-0949-4D37-97C9-B6076468C597}"
EndProject
Global
	GlobalSection(SolutionConfigurationPlatforms) = preSolution
		Debug|Any CPU = Debug|Any CPU
		Release|Any CPU = Release|Any CPU
	EndGlobalSection
	GlobalSection(ProjectConfigurationPlatforms) = postSolution
		{EC2B4F48-99C2-4ADC-8238-14AB9365645D}.Debug|Any CPU.ActiveCfg = Debug|Any CPU
		{EC2B4F48-99C2-4ADC-8238-14AB9365645D}.Debug|Any CPU.Build.0 = Debug|Any CPU
		{EC2B4F48-99C2-4ADC-8238-14AB9365645D}.Release|Any CPU.ActiveCfg = Release|Any CPU
		{EC2B4F48-99C2-4ADC-8238-14AB9365645D}.Release|Any CPU.Build.0 = Release|Any CPU
		{3F97E60C-AC00-4ACA-8879-5A6C45975870}.Debug|Any CPU.ActiveCfg = Debug|Any CPU
		{3F97E60C-AC00-4ACA-8879-5A6C45975870}.Debug|Any CPU.Build.0 = Debug|Any CPU
		{3F97E60C-AC00-4ACA-8879-5A6C45975870}.Release|Any CPU.ActiveCfg = Release|Any CPU
		{3F97E60C-AC00-4ACA-8879-5A6C45975870}.Release|Any CPU.Build.0 = Release|Any CPU
		{D02EFD35-0949-4D37-97C9-B6076468C597}.Debug|Any CPU.ActiveCfg = Debug|Any CPU
		{D02EFD35-0949-4D37-97C9-B6076468C597}.Debug|Any CPU.Build.0 = Debug|Any CPU
		{D02EFD35-0949-4D37-97C9-B6076468C597}.Release|Any CPU.ActiveCfg = Release|Any CPU
		{D02EFD35-0949-4D37-97C9-B6076468C597}.Release|Any CPU.Build.0 = Release|Any CPU
	EndGlobalSection
	GlobalSection(SolutionProperties) = preSolution
		HideSolutionNode = FALSE
	EndGlobalSection
	GlobalSection(ExtensibilityGlobals) = postSolution
		SolutionGuid = {3F31C579-1875-4751-9B49-5224E5EB82DF}
	EndGlobalSection
EndGlobal
